# Generated by Dagger. Pins the images and git refs this workspace uses.
# Any Dagger command may update this file; always commit it with your changes.
# Run `dagger workspace update` to refresh the pinned versions.
[["version","2"]]
["","oci-sha",["docker.io/library/node:20.20.2-bookworm"],"sha256:8f693eaa7e0a8e71560c9a82b55fd54c2ae920a2ba5d2cde28bac7d1c01c9ba5"]
["","oci-sha",["docker.io/library/rust:1.92.0-bookworm"],"sha256:e90e846de4124376164ddfbaab4b0774c7bdeef5e738866295e5a90a34a307a2"]
["","oci-sha",["docker.io/library/rust:1.92.0-trixie"],"sha256:f58923369ba295ae1f60bc49d03f2c955a5c93a0b7d49acfb2b2a65bebaf350d"]